
Microsoft Visual Studio Solution File, Format Version 12.00
Project("{FAE04EC0-301F-11D3-BF4B-00C04F79EFBC}") = "SweetLemons.Api", "SweetLemons.Api\SweetLemons.Api.csproj", "{F334B51F-CDCA-403D-8FAD-6CF0F037458D}"
EndProject
Global
	GlobalSection(SolutionConfigurationPlatforms) = preSolution
		Debug|Any CPU = Debug|Any CPU
		Release|Any CPU = Release|Any CPU
	EndGlobalSection
	GlobalSection(ProjectConfigurationPlatforms) = postSolution
		{F334B51F-CDCA-403D-8FAD-6CF0F037458D}.Debug|Any CPU.ActiveCfg = Debug|Any CPU
		{F334B51F-CDCA-403D-8FAD-6CF0F037458D}.Debug|Any CPU.Build.0 = Debug|Any CPU
		{F334B51F-CDCA-403D-8FAD-6CF0F037458D}.Release|Any CPU.ActiveCfg = Release|Any CPU
		{F334B51F-CDCA-403D-8FAD-6CF0F037458D}.Release|Any CPU.Build.0 = Release|Any CPU
	EndGlobalSection
EndGlobal
